// !$*UTF8*$!
{
	archiveVersion = 1;
	classes = {
	};
	objectVersion = 56;
	objects = {

/* Begin PBXBuildFile section */
		2A7172F32982699D00B8ABA5 /* test.swift in Sources */ = {isa = PBXBuildFile; fileRef = 2A7172F22982699D00B8ABA5 /* test.swift */; };
		361C77D329820ED500B8898B /* AppDelegate.swift in Sources */ = {isa = PBXBuildFile; fileRef = 361C77D229820ED500B8898B /* AppDelegate.swift */; };
		361C77D529820ED500B8898B /* SceneDelegate.swift in Sources */ = {isa = PBXBuildFile; fileRef = 361C77D429820ED500B8898B /* SceneDelegate.swift */; };
		361C77D729820ED500B8898B /* ViewController.swift in Sources */ = {isa = PBXBuildFile; fileRef = 361C77D629820ED500B8898B /* ViewController.swift */; };
		361C77DA29820ED500B8898B /* Main.storyboard in Resources */ = {isa = PBXBuildFile; fileRef = 361C77D829820ED500B8898B /* Main.storyboard */; };
		361C77DC29820ED600B8898B /* Assets.xcassets in Resources */ = {isa = PBXBuildFile; fileRef = 361C77DB29820ED600B8898B /* Assets.xcassets */; };
		361C77DF29820ED600B8898B /* LaunchScreen.storyboard in Resources */ = {isa = PBXBuildFile; fileRef = 361C77DD29820ED600B8898B /* LaunchScreen.storyboard */; };
		361C77EA29820ED600B8898B /* MyDayTests.swift in Sources */ = {isa = PBXBuildFile; fileRef = 361C77E929820ED600B8898B /* MyDayTests.swift */; };
		361C77F429820ED600B8898B /* MyDayUITests.swift in Sources */ = {isa = PBXBuildFile; fileRef = 361C77F329820ED600B8898B /* MyDayUITests.swift */; };
		361C77F629820ED600B8898B /* MyDayUITestsLaunchTests.swift in Sources */ = {isa = PBXBuildFile; fileRef = 361C77F529820ED600B8898B /* MyDayUITestsLaunchTests.swift */; };
		361C78042982155800B8898B /* AppLoginVC.swift in Sources */ = {isa = PBXBuildFile; fileRef = 361C78022982155800B8898B /* AppLoginVC.swift */; };
		361C78052982155800B8898B /* AppLoginVC.xib in Resources */ = {isa = PBXBuildFile; fileRef = 361C78032982155800B8898B /* AppLoginVC.xib */; };
/* End PBXBuildFile section */

/* Begin PBXContainerItemProxy section */
		361C77E629820ED600B8898B /* PBXContainerItemProxy */ = {
			isa = PBXContainerItemProxy;
			containerPortal = 361C77C729820ED500B8898B /* Project object */;
			proxyType = 1;
			remoteGlobalIDString = 361C77CE29820ED500B8898B;
			remoteInfo = MyDay;
		};
		361C77F029820ED600B8898B /* PBXContainerItemProxy */ = {
			isa = PBXContainerItemProxy;
			containerPortal = 361C77C729820ED500B8898B /* Project object */;
			proxyType = 1;
			remoteGlobalIDString = 361C77CE29820ED500B8898B;
			remoteInfo = MyDay;
		};
/* End PBXContainerItemProxy section */

/* Begin PBXFileReference section */
		2A7172F22982699D00B8ABA5 /* test.swift */ = {isa = PBXFileReference; lastKnownFileType = sourcecode.swift; path = test.swift; sourceTree = "<group>"; };
		361C77CF29820ED500B8898B /* MyDay.app */ = {isa = PBXFileReference; explicitFileType = wrapper.application; includeInIndex = 0; path = MyDay.app; sourceTree = BUILT_PRODUCTS_DIR; };
		361C77D229820ED500B8898B /* AppDelegate.swift */ = {isa = PBXFileReference; lastKnownFileType = sourcecode.swift; path = AppDelegate.swift; sourceTree = "<group>"; };
		361C77D429820ED500B8898B /* SceneDelegate.swift */ = {isa = PBXFileReference; lastKnownFileType = sourcecode.swift; path = SceneDelegate.swift; sourceTree = "<group>"; };
		361C77D629820ED500B8898B /* ViewController.swift */ = {isa = PBXFileReference; lastKnownFileType = sourcecode.swift; path = ViewController.swift; sourceTree = "<group>"; };
		361C77D929820ED500B8898B /* Base */ = {isa = PBXFileReference; lastKnownFileType = file.storyboard; name = Base; path = Base.lproj/Main.storyboard; sourceTree = "<group>"; };
		361C77DB29820ED600B8898B /* Assets.xcassets */ = {isa = PBXFileReference; lastKnownFileType = folder.assetcatalog; path = Assets.xcassets; sourceTree = "<group>"; };
		361C77DE29820ED600B8898B /* Base */ = {isa = PBXFileReference; lastKnownFileType = file.storyboard; name = Base; path = Base.lproj/LaunchScreen.storyboard; sourceTree = "<group>"; };
		361C77E029820ED600B8898B /* Info.plist */ = {isa = PBXFileReference; lastKnownFileType = text.plist.xml; path = Info.plist; sourceTree = "<group>"; };
		361C77E529820ED600B8898B /* MyDayTests.xctest */ = {isa = PBXFileReference; explicitFileType = wrapper.cfbundle; includeInIndex = 0; path = MyDayTests.xctest; sourceTree = BUILT_PRODUCTS_DIR; };
		361C77E929820ED600B8898B /* MyDayTests.swift */ = {isa = PBXFileReference; lastKnownFileType = sourcecode.swift; path = MyDayTests.swift; sourceTree = "<group>"; };
		361C77EF29820ED600B8898B /* MyDayUITests.xctest */ = {isa = PBXFileReference; explicitFileType = wrapper.cfbundle; includeInIndex = 0; path = MyDayUITests.xctest; sourceTree = BUILT_PRODUCTS_DIR; };
		361C77F329820ED600B8898B /* MyDayUITests.swift */ = {isa = PBXFileReference; lastKnownFileType = sourcecode.swift; path = MyDayUITests.swift; sourceTree = "<group>"; };
		361C77F529820ED600B8898B /* MyDayUITestsLaunchTests.swift */ = {isa = PBXFileReference; lastKnownFileType = sourcecode.swift; path = MyDayUITestsLaunchTests.swift; sourceTree = "<group>"; };
		361C78022982155800B8898B /* AppLoginVC.swift */ = {isa = PBXFileReference; lastKnownFileType = sourcecode.swift; path = AppLoginVC.swift; sourceTree = "<group>"; };
		361C78032982155800B8898B /* AppLoginVC.xib */ = {isa = PBXFileReference; lastKnownFileType = file.xib; path = AppLoginVC.xib; sourceTree = "<group>"; };
/* End PBXFileReference section */

/* Begin PBXFrameworksBuildPhase section */
		361C77CC29820ED500B8898B /* Frameworks */ = {
			isa = PBXFrameworksBuildPhase;
			buildActionMask = 2147483647;
			files = (
			);
			runOnlyForDeploymentPostprocessing = 0;
		};
		361C77E229820ED600B8898B /* Frameworks */ = {
			isa = PBXFrameworksBuildPhase;
			buildActionMask = 2147483647;
			files = (
			);
			runOnlyForDeploymentPostprocessing = 0;
		};
		361C77EC29820ED600B8898B /* Frameworks */ = {
			isa = PBXFrameworksBuildPhase;
			buildActionMask = 2147483647;
			files = (
			);
			runOnlyForDeploymentPostprocessing = 0;
		};
/* End PBXFrameworksBuildPhase section */

/* Begin PBXGroup section */
		361C77C629820ED500B8898B = {
			isa = PBXGroup;
			children = (
				361C77D129820ED500B8898B /* MyDay */,
				361C77E829820ED600B8898B /* MyDayTests */,
				361C77F229820ED600B8898B /* MyDayUITests */,
				361C77D029820ED500B8898B /* Products */,
			);
			sourceTree = "<group>";
		};
		361C77D029820ED500B8898B /* Products */ = {
			isa = PBXGroup;
			children = (
				361C77CF29820ED500B8898B /* MyDay.app */,
				361C77E529820ED600B8898B /* MyDayTests.xctest */,
				361C77EF29820ED600B8898B /* MyDayUITests.xctest */,
			);
			name = Products;
			sourceTree = "<group>";
		};
		361C77D129820ED500B8898B /* MyDay */ = {
			isa = PBXGroup;
			children = (
				361C78062982155C00B8898B /* Main */,
				361C77D229820ED500B8898B /* AppDelegate.swift */,
				361C77D429820ED500B8898B /* SceneDelegate.swift */,
				361C77D629820ED500B8898B /* ViewController.swift */,
				361C77D829820ED500B8898B /* Main.storyboard */,
				361C77DB29820ED600B8898B /* Assets.xcassets */,
				361C77DD29820ED600B8898B /* LaunchScreen.storyboard */,
				361C77E029820ED600B8898B /* Info.plist */,
			);
			path = MyDay;
			sourceTree = "<group>";
		};
		361C77E829820ED600B8898B /* MyDayTests */ = {
			isa = PBXGroup;
			children = (
				361C77E929820ED600B8898B /* MyDayTests.swift */,
			);
			path = MyDayTests;
			sourceTree = "<group>";
		};
		361C77F229820ED600B8898B /* MyDayUITests */ = {
			isa = PBXGroup;
			children = (
				361C77F329820ED600B8898B /* MyDayUITests.swift */,
				361C77F529820ED600B8898B /* MyDayUITestsLaunchTests.swift */,
			);
			path = MyDayUITests;
			sourceTree = "<group>";
		};
		361C78062982155C00B8898B /* Main */ = {
			isa = PBXGroup;
			children = (
				361C78022982155800B8898B /* AppLoginVC.swift */,
				2A7172F22982699D00B8ABA5 /* test.swift */,
				361C78032982155800B8898B /* AppLoginVC.xib */,
			);
			path = Main;
			sourceTree = "<group>";
		};
/* End PBXGroup section */

/* Begin PBXNativeTarget section */
		361C77CE29820ED500B8898B /* MyDay */ = {
			isa = PBXNativeTarget;
			buildConfigurationList = 361C77F929820ED600B8898B /* Build configuration list for PBXNativeTarget "MyDay" */;
			buildPhases = (
				361C77CB29820ED500B8898B /* Sources */,
				361C77CC29820ED500B8898B /* Frameworks */,
				361C77CD29820ED500B8898B /* Resources */,
			);
			buildRules = (
			);
			dependencies = (
			);
			name = MyDay;
			productName = MyDay;
			productReference = 361C77CF29820ED500B8898B /* MyDay.app */;
			productType = "com.apple.product-type.application";
		};
		361C77E429820ED600B8898B /* MyDayTests */ = {
			isa = PBXNativeTarget;
			buildConfigurationList = 361C77FC29820ED600B8898B /* Build configuration list for PBXNativeTarget "MyDayTests" */;
			buildPhases = (
				361C77E129820ED600B8898B /* Sources */,
				361C77E229820ED600B8898B /* Frameworks */,
				361C77E329820ED600B8898B /* Resources */,
			);
			buildRules = (
			);
			dependencies = (
				361C77E729820ED600B8898B /* PBXTargetDependency */,
			);
			name = MyDayTests;
			productName = MyDayTests;
			productReference = 361C77E529820ED600B8898B /* MyDayTests.xctest */;
			productType = "com.apple.product-type.bundle.unit-test";
		};
		361C77EE29820ED600B8898B /* MyDayUITests */ = {
			isa = PBXNativeTarget;
			buildConfigurationList = 361C77FF29820ED600B8898B /* Build configuration list for PBXNativeTarget "MyDayUITests" */;
			buildPhases = (
				361C77EB29820ED600B8898B /* Sources */,
				361C77EC29820ED600B8898B /* Frameworks */,
				361C77ED29820ED600B8898B /* Resources */,
			);
			buildRules = (
			);
			dependencies = (
				361C77F129820ED600B8898B /* PBXTargetDependency */,
			);
			name = MyDayUITests;
			productName = MyDayUITests;
			productReference = 361C77EF29820ED600B8898B /* MyDayUITests.xctest */;
			productType = "com.apple.product-type.bundle.ui-testing";
		};
/* End PBXNativeTarget section */

/* Begin PBXProject section */
		361C77C729820ED500B8898B /* Project object */ = {
			isa = PBXProject;
			attributes = {
				BuildIndependentTargetsInParallel = 1;
				LastSwiftUpdateCheck = 1410;
				LastUpgradeCheck = 1410;
				TargetAttributes = {
					361C77CE29820ED500B8898B = {
						CreatedOnToolsVersion = 14.1;
					};
					361C77E429820ED600B8898B = {
						CreatedOnToolsVersion = 14.1;
						TestTargetID = 361C77CE29820ED500B8898B;
					};
					361C77EE29820ED600B8898B = {
						CreatedOnToolsVersion = 14.1;
						TestTargetID = 361C77CE29820ED500B8898B;
					};
				};
			};
			buildConfigurationList = 361C77CA29820ED500B8898B /* Build configuration list for PBXProject "MyDay" */;
			compatibilityVersion = "Xcode 14.0";
			developmentRegion = en;
			hasScannedForEncodings = 0;
			knownRegions = (
				en,
				Base,
			);
			mainGroup = 361C77C629820ED500B8898B;
			productRefGroup = 361C77D029820ED500B8898B /* Products */;
			projectDirPath = "";
			projectRoot = "";
			targets = (
				361C77CE29820ED500B8898B /* MyDay */,
				361C77E429820ED600B8898B /* MyDayTests */,
				361C77EE29820ED600B8898B /* MyDayUITests */,
			);
		};
/* End PBXProject section */

/* Begin PBXResourcesBuildPhase section */
		361C77CD29820ED500B8898B /* Resources */ = {
			isa = PBXResourcesBuildPhase;
			buildActionMask = 2147483647;
			files = (
				361C77DF29820ED600B8898B /* LaunchScreen.storyboard in Resources */,
				361C77DC29820ED600B8898B /* Assets.xcassets in Resources */,
				361C78052982155800B8898B /* AppLoginVC.xib in Resources */,
				361C77DA29820ED500B8898B /* Main.storyboard in Resources */,
			);
			runOnlyForDeploymentPostprocessing = 0;
		};
		361C77E329820ED600B8898B /* Resources */ = {
			isa = PBXResourcesBuildPhase;
			buildActionMask = 2147483647;
			files = (
			);
			runOnlyForDeploymentPostprocessing = 0;
		};
		361C77ED29820ED600B8898B /* Resources */ = {
			isa = PBXResourcesBuildPhase;
			buildActionMask = 2147483647;
			files = (
			);
			runOnlyForDeploymentPostprocessing = 0;
		};
/* End PBXResourcesBuildPhase section */

/* Begin PBXSourcesBuildPhase section */
		361C77CB29820ED500B8898B /* Sources */ = {
			isa = PBXSourcesBuildPhase;
			buildActionMask = 2147483647;
			files = (
				361C77D729820ED500B8898B /* ViewController.swift in Sources */,
				361C77D329820ED500B8898B /* AppDelegate.swift in Sources */,
				361C78042982155800B8898B /* AppLoginVC.swift in Sources */,
				2A7172F32982699D00B8ABA5 /* test.swift in Sources */,
				361C77D529820ED500B8898B /* SceneDelegate.swift in Sources */,
			);
			runOnlyForDeploymentPostprocessing = 0;
		};
		361C77E129820ED600B8898B /* Sources */ = {
			isa = PBXSourcesBuildPhase;
			buildActionMask = 2147483647;
			files = (
				361C77EA29820ED600B8898B /* MyDayTests.swift in Sources */,
			);
			runOnlyForDeploymentPostprocessing = 0;
		};
		361C77EB29820ED600B8898B /* Sources */ = {
			isa = PBXSourcesBuildPhase;
			buildActionMask = 2147483647;
			files = (
				361C77F429820ED600B8898B /* MyDayUITests.swift in Sources */,
				361C77F629820ED600B8898B /* MyDayUITestsLaunchTests.swift in Sources */,
			);
			runOnlyForDeploymentPostprocessing = 0;
		};
/* End PBXSourcesBuildPhase section */

/* Begin PBXTargetDependency section */
		361C77E729820ED600B8898B /* PBXTargetDependency */ = {
			isa = PBXTargetDependency;
			target = 361C77CE29820ED500B8898B /* MyDay */;
			targetProxy = 361C77E629820ED600B8898B /* PBXContainerItemProxy */;
		};
		361C77F129820ED600B8898B /* PBXTargetDependency */ = {
			isa = PBXTargetDependency;
			target = 361C77CE29820ED500B8898B /* MyDay */;
			targetProxy = 361C77F029820ED600B8898B /* PBXContainerItemProxy */;
		};
/* End PBXTargetDependency section */

/* Begin PBXVariantGroup section */
		361C77D829820ED500B8898B /* Main.storyboard */ = {
			isa = PBXVariantGroup;
			children = (
				361C77D929820ED500B8898B /* Base */,
			);
			name = Main.storyboard;
			sourceTree = "<group>";
		};
		361C77DD29820ED600B8898B /* LaunchScreen.storyboard */ = {
			isa = PBXVariantGroup;
			children = (
				361C77DE29820ED600B8898B /* Base */,
			);
			name = LaunchScreen.storyboard;
			sourceTree = "<group>";
		};
/* End PBXVariantGroup section */

/* Begin XCBuildConfiguration section */
		361C77F729820ED600B8898B /* Debug */ = {
			isa = XCBuildConfiguration;
			buildSettings = {
				ALWAYS_SEARCH_USER_PATHS = NO;
				CLANG_ANALYZER_NONNULL = YES;
				CLANG_ANALYZER_NUMBER_OBJECT_CONVERSION = YES_AGGRESSIVE;
				CLANG_CXX_LANGUAGE_STANDARD = "gnu++20";
				CLANG_ENABLE_MODULES = YES;
				CLANG_ENABLE_OBJC_ARC = YES;
				CLANG_ENABLE_OBJC_WEAK = YES;
				CLANG_WARN_BLOCK_CAPTURE_AUTORELEASING = YES;
				CLANG_WARN_BOOL_CONVERSION = YES;
				CLANG_WARN_COMMA = YES;
				CLANG_WARN_CONSTANT_CONVERSION = YES;
				CLANG_WARN_DEPRECATED_OBJC_IMPLEMENTATIONS = YES;
				CLANG_WARN_DIRECT_OBJC_ISA_USAGE = YES_ERROR;
				CLANG_WARN_DOCUMENTATION_COMMENTS = YES;
				CLANG_WARN_EMPTY_BODY = YES;
				CLANG_WARN_ENUM_CONVERSION = YES;
				CLANG_WARN_INFINITE_RECURSION = YES;
				CLANG_WARN_INT_CONVERSION = YES;
				CLANG_WARN_NON_LITERAL_NULL_CONVERSION = YES;
				CLANG_WARN_OBJC_IMPLICIT_RETAIN_SELF = YES;
				CLANG_WARN_OBJC_LITERAL_CONVERSION = YES;
				CLANG_WARN_OBJC_ROOT_CLASS = YES_ERROR;
				CLANG_WARN_QUOTED_INCLUDE_IN_FRAMEWORK_HEADER = YES;
				CLANG_WARN_RANGE_LOOP_ANALYSIS = YES;
				CLANG_WARN_STRICT_PROTOTYPES = YES;
				CLANG_WARN_SUSPICIOUS_MOVE = YES;
				CLANG_WARN_UNGUARDED_AVAILABILITY = YES_AGGRESSIVE;
				CLANG_WARN_UNREACHABLE_CODE = YES;
				CLANG_WARN__DUPLICATE_METHOD_MATCH = YES;
				COPY_PHASE_STRIP = NO;
				DEBUG_INFORMATION_FORMAT = dwarf;
				ENABLE_STRICT_OBJC_MSGSEND = YES;
				ENABLE_TESTABILITY = YES;
				GCC_C_LANGUAGE_STANDARD = gnu11;
				GCC_DYNAMIC_NO_PIC = NO;
				GCC_NO_COMMON_BLOCKS = YES;
				GCC_OPTIMIZATION_LEVEL = 0;
				GCC_PREPROCESSOR_DEFINITIONS = (
					"DEBUG=1",
					"$(inherited)",
				);
				GCC_WARN_64_TO_32_BIT_CONVERSION = YES;
				GCC_WARN_ABOUT_RETURN_TYPE = YES_ERROR;
				GCC_WARN_UNDECLARED_SELECTOR = YES;
				GCC_WARN_UNINITIALIZED_AUTOS = YES_AGGRESSIVE;
				GCC_WARN_UNUSED_FUNCTION = YES;
				GCC_WARN_UNUSED_VARIABLE = YES;
				IPHONEOS_DEPLOYMENT_TARGET = 16.1;
				MTL_ENABLE_DEBUG_INFO = INCLUDE_SOURCE;
				MTL_FAST_MATH = YES;
				ONLY_ACTIVE_ARCH = YES;
				SDKROOT = iphoneos;
				SWIFT_ACTIVE_COMPILATION_CONDITIONS = DEBUG;
				SWIFT_OPTIMIZATION_LEVEL = "-Onone";
			};
			name = Debug;
		};
		361C77F829820ED600B8898B /* Release */ = {
			isa = XCBuildConfiguration;
			buildSettings = {
				ALWAYS_SEARCH_USER_PATHS = NO;
				CLANG_ANALYZER_NONNULL = YES;
				CLANG_ANALYZER_NUMBER_OBJECT_CONVERSION = YES_AGGRESSIVE;
				CLANG_CXX_LANGUAGE_STANDARD = "gnu++20";
				CLANG_ENABLE_MODULES = YES;
				CLANG_ENABLE_OBJC_ARC = YES;
				CLANG_ENABLE_OBJC_WEAK = YES;
				CLANG_WARN_BLOCK_CAPTURE_AUTORELEASING = YES;
				CLANG_WARN_BOOL_CONVERSION = YES;
				CLANG_WARN_COMMA = YES;
				CLANG_WARN_CONSTANT_CONVERSION = YES;
				CLANG_WARN_DEPRECATED_OBJC_IMPLEMENTATIONS = YES;
				CLANG_WARN_DIRECT_OBJC_ISA_USAGE = YES_ERROR;
				CLANG_WARN_DOCUMENTATION_COMMENTS = YES;
				CLANG_WARN_EMPTY_BODY = YES;
				CLANG_WARN_ENUM_CONVERSION = YES;
				CLANG_WARN_INFINITE_RECURSION = YES;
				CLANG_WARN_INT_CONVERSION = YES;
				CLANG_WARN_NON_LITERAL_NULL_CONVERSION = YES;
				CLANG_WARN_OBJC_IMPLICIT_RETAIN_SELF = YES;
				CLANG_WARN_OBJC_LITERAL_CONVERSION = YES;
				CLANG_WARN_OBJC_ROOT_CLASS = YES_ERROR;
				CLANG_WARN_QUOTED_INCLUDE_IN_FRAMEWORK_HEADER = YES;
				CLANG_WARN_RANGE_LOOP_ANALYSIS = YES;
				CLANG_WARN_STRICT_PROTOTYPES = YES;
				CLANG_WARN_SUSPICIOUS_MOVE = YES;
				CLANG_WARN_UNGUARDED_AVAILABILITY = YES_AGGRESSIVE;
				CLANG_WARN_UNREACHABLE_CODE = YES;
				CLANG_WARN__DUPLICATE_METHOD_MATCH = YES;
				COPY_PHASE_STRIP = NO;
				DEBUG_INFORMATION_FORMAT = "dwarf-with-dsym";
				ENABLE_NS_ASSERTIONS = NO;
				ENABLE_STRICT_OBJC_MSGSEND = YES;
				GCC_C_LANGUAGE_STANDARD = gnu11;
				GCC_NO_COMMON_BLOCKS = YES;
				GCC_WARN_64_TO_32_BIT_CONVERSION = YES;
				GCC_WARN_ABOUT_RETURN_TYPE = YES_ERROR;
				GCC_WARN_UNDECLARED_SELECTOR = YES;
				GCC_WARN_UNINITIALIZED_AUTOS = YES_AGGRESSIVE;
				GCC_WARN_UNUSED_FUNCTION = YES;
				GCC_WARN_UNUSED_VARIABLE = YES;
				IPHONEOS_DEPLOYMENT_TARGET = 16.1;
				MTL_ENABLE_DEBUG_INFO = NO;
				MTL_FAST_MATH = YES;
				SDKROOT = iphoneos;
				SWIFT_COMPILATION_MODE = wholemodule;
				SWIFT_OPTIMIZATION_LEVEL = "-O";
				VALIDATE_PRODUCT = YES;
			};
			name = Release;
		};
		361C77FA29820ED600B8898B /* Debug */ = {
			isa = XCBuildConfiguration;
			buildSettings = {
				ASSETCATALOG_COMPILER_APPICON_NAME = AppIcon;
				ASSETCATALOG_COMPILER_GLOBAL_ACCENT_COLOR_NAME = AccentColor;
				CODE_SIGN_STYLE = Automatic;
				CURRENT_PROJECT_VERSION = 1;
				DEVELOPMENT_TEAM = 799GLJ393L;
				GENERATE_INFOPLIST_FILE = YES;
				INFOPLIST_FILE = MyDay/Info.plist;
				INFOPLIST_KEY_UIApplicationSupportsIndirectInputEvents = YES;
				INFOPLIST_KEY_UILaunchStoryboardName = LaunchScreen;
				INFOPLIST_KEY_UIMainStoryboardFile = Main;
				INFOPLIST_KEY_UISupportedInterfaceOrientations_iPad = "UIInterfaceOrientationPortrait UIInterfaceOrientationPortraitUpsideDown UIInterfaceOrientationLandscapeLeft UIInterfaceOrientationLandscapeRight";
				INFOPLIST_KEY_UISupportedInterfaceOrientations_iPhone = "UIInterfaceOrientationPortrait UIInterfaceOrientationLandscapeLeft UIInterfaceOrientationLandscapeRight";
				LD_RUNPATH_SEARCH_PATHS = (
					"$(inherited)",
					"@executable_path/Frameworks",
				);
				MARKETING_VERSION = 1.0;
				PRODUCT_BUNDLE_IDENTIFIER = com.swift.VS.MyDay;
				PRODUCT_NAME = "$(TARGET_NAME)";
				SWIFT_EMIT_LOC_STRINGS = YES;
				SWIFT_VERSION = 5.0;
				TARGETED_DEVICE_FAMILY = "1,2";
			};
			name = Debug;
		};
		361C77FB29820ED600B8898B /* Release */ = {
			isa = XCBuildConfiguration;
			buildSettings = {
				ASSETCATALOG_COMPILER_APPICON_NAME = AppIcon;
				ASSETCATALOG_COMPILER_GLOBAL_ACCENT_COLOR_NAME = AccentColor;
				CODE_SIGN_STYLE = Automatic;
				CURRENT_PROJECT_VERSION = 1;
				DEVELOPMENT_TEAM = 799GLJ393L;
				GENERATE_INFOPLIST_FILE = YES;
				INFOPLIST_FILE = MyDay/Info.plist;
				INFOPLIST_KEY_UIApplicationSupportsIndirectInputEvents = YES;
				INFOPLIST_KEY_UILaunchStoryboardName = LaunchScreen;
				INFOPLIST_KEY_UIMainStoryboardFile = Main;
				INFOPLIST_KEY_UISupportedInterfaceOrientations_iPad = "UIInterfaceOrientationPortrait UIInterfaceOrientationPortraitUpsideDown UIInterfaceOrientationLandscapeLeft UIInterfaceOrientationLandscapeRight";
				INFOPLIST_KEY_UISupportedInterfaceOrientations_iPhone = "UIInterfaceOrientationPortrait UIInterfaceOrientationLandscapeLeft UIInterfaceOrientationLandscapeRight";
				LD_RUNPATH_SEARCH_PATHS = (
					"$(inherited)",
					"@executable_path/Frameworks",
				);
				MARKETING_VERSION = 1.0;
				PRODUCT_BUNDLE_IDENTIFIER = com.swift.VS.MyDay;
				PRODUCT_NAME = "$(TARGET_NAME)";
				SWIFT_EMIT_LOC_STRINGS = YES;
				SWIFT_VERSION = 5.0;
				TARGETED_DEVICE_FAMILY = "1,2";
			};
			name = Release;
		};
		361C77FD29820ED600B8898B /* Debug */ = {
			isa = XCBuildConfiguration;
			buildSettings = {
				ALWAYS_EMBED_SWIFT_STANDARD_LIBRARIES = YES;
				BUNDLE_LOADER = "$(TEST_HOST)";
				CODE_SIGN_STYLE = Automatic;
				CURRENT_PROJECT_VERSION = 1;
				DEVELOPMENT_TEAM = 799GLJ393L;
				GENERATE_INFOPLIST_FILE = YES;
				IPHONEOS_DEPLOYMENT_TARGET = 16.1;
				MARKETING_VERSION = 1.0;
				PRODUCT_BUNDLE_IDENTIFIER = com.swift.VS.MyDayTests;
				PRODUCT_NAME = "$(TARGET_NAME)";
				SWIFT_EMIT_LOC_STRINGS = NO;
				SWIFT_VERSION = 5.0;
				TARGETED_DEVICE_FAMILY = "1,2";
				TEST_HOST = "$(BUILT_PRODUCTS_DIR)/MyDay.app/$(BUNDLE_EXECUTABLE_FOLDER_PATH)/MyDay";
			};
			name = Debug;
		};
		361C77FE29820ED600B8898B /* Release */ = {
			isa = XCBuildConfiguration;
			buildSettings = {
				ALWAYS_EMBED_SWIFT_STANDARD_LIBRARIES = YES;
				BUNDLE_LOADER = "$(TEST_HOST)";
				CODE_SIGN_STYLE = Automatic;
				CURRENT_PROJECT_VERSION = 1;
				DEVELOPMENT_TEAM = 799GLJ393L;
				GENERATE_INFOPLIST_FILE = YES;
				IPHONEOS_DEPLOYMENT_TARGET = 16.1;
				MARKETING_VERSION = 1.0;
				PRODUCT_BUNDLE_IDENTIFIER = com.swift.VS.MyDayTests;
				PRODUCT_NAME = "$(TARGET_NAME)";
				SWIFT_EMIT_LOC_STRINGS = NO;
				SWIFT_VERSION = 5.0;
				TARGETED_DEVICE_FAMILY = "1,2";
				TEST_HOST = "$(BUILT_PRODUCTS_DIR)/MyDay.app/$(BUNDLE_EXECUTABLE_FOLDER_PATH)/MyDay";
			};
			name = Release;
		};
		361C780029820ED600B8898B /* Debug */ = {
			isa = XCBuildConfiguration;
			buildSettings = {
				ALWAYS_EMBED_SWIFT_STANDARD_LIBRARIES = YES;
				CODE_SIGN_STYLE = Automatic;
				CURRENT_PROJECT_VERSION = 1;
				DEVELOPMENT_TEAM = 799GLJ393L;
				GENERATE_INFOPLIST_FILE = YES;
				MARKETING_VERSION = 1.0;
				PRODUCT_BUNDLE_IDENTIFIER = com.swift.VS.MyDayUITests;
				PRODUCT_NAME = "$(TARGET_NAME)";
				SWIFT_EMIT_LOC_STRINGS = NO;
				SWIFT_VERSION = 5.0;
				TARGETED_DEVICE_FAMILY = "1,2";
				TEST_TARGET_NAME = MyDay;
			};
			name = Debug;
		};
		361C780129820ED600B8898B /* Release */ = {
			isa = XCBuildConfiguration;
			buildSettings = {
				ALWAYS_EMBED_SWIFT_STANDARD_LIBRARIES = YES;
				CODE_SIGN_STYLE = Automatic;
				CURRENT_PROJECT_VERSION = 1;
				DEVELOPMENT_TEAM = 799GLJ393L;
				GENERATE_INFOPLIST_FILE = YES;
				MARKETING_VERSION = 1.0;
				PRODUCT_BUNDLE_IDENTIFIER = com.swift.VS.MyDayUITests;
				PRODUCT_NAME = "$(TARGET_NAME)";
				SWIFT_EMIT_LOC_STRINGS = NO;
				SWIFT_VERSION = 5.0;
				TARGETED_DEVICE_FAMILY = "1,2";
				TEST_TARGET_NAME = MyDay;
			};
			name = Release;
		};
/* End XCBuildConfiguration section */

/* Begin XCConfigurationList section */
		361C77CA29820ED500B8898B /* Build configuration list for PBXProject "MyDay" */ = {
			isa = XCConfigurationList;
			buildConfigurations = (
				361C77F729820ED600B8898B /* Debug */,
				361C77F829820ED600B8898B /* Release */,
			);
			defaultConfigurationIsVisible = 0;
			defaultConfigurationName = Release;
		};
		361C77F929820ED600B8898B /* Build configuration list for PBXNativeTarget "MyDay" */ = {
			isa = XCConfigurationList;
			buildConfigurations = (
				361C77FA29820ED600B8898B /* Debug */,
				361C77FB29820ED600B8898B /* Release */,
			);
			defaultConfigurationIsVisible = 0;
			defaultConfigurationName = Release;
		};
		361C77FC29820ED600B8898B /* Build configuration list for PBXNativeTarget "MyDayTests" */ = {
			isa = XCConfigurationList;
			buildConfigurations = (
				361C77FD29820ED600B8898B /* Debug */,
				361C77FE29820ED600B8898B /* Release */,
			);
			defaultConfigurationIsVisible = 0;
			defaultConfigurationName = Release;
		};
		361C77FF29820ED600B8898B /* Build configuration list for PBXNativeTarget "MyDayUITests" */ = {
			isa = XCConfigurationList;
			buildConfigurations = (
				361C780029820ED600B8898B /* Debug */,
				361C780129820ED600B8898B /* Release */,
			);
			defaultConfigurationIsVisible = 0;
			defaultConfigurationName = Release;
		};
/* End XCConfigurationList section */
	};
	rootObject = 361C77C729820ED500B8898B /* Project object */;
}
